
Microsoft Visual Studio Solution File, Format Version 12.00
# Visual Studio Version 17
VisualStudioVersion = 17.13.35818.85 d17.13
MinimumVisualStudioVersion = 10.0.40219.1
Project("{FAE04EC0-301F-11D3-BF4B-00C04F79EFBC}") = "PointOfSale.WebAPI", "PointOfSale.WebAPI\PointOfSale.WebAPI.csproj", "{9E2BF0B7-D629-40C6-B8F5-AD2550BC4CB2}"
EndProject
Project("{FAE04EC0-301F-11D3-BF4B-00C04F79EFBC}") = "PointOfSale.Application", "PointOfSale.Application\PointOfSale.Application.csproj", "{A5647E08-F3AD-4BF7-8352-A20907D3A28F}"
EndProject
Project("{FAE04EC0-301F-11D3-BF4B-00C04F79EFBC}") = "PointOfSale.Domain", "PointOfSale.Domain\PointOfSale.Domain.csproj", "{36D537E7-FC53-4DDC-8CFD-E37DB7747BAE}"
EndProject
Project("{FAE04EC0-301F-11D3-BF4B-00C04F79EFBC}") = "PointOfSale.Infrastructure", "PointOfSale.Infrastructure\PointOfSale.Infrastructure.csproj", "{43064466-0713-4B03-A739-7B3E963906DE}"
EndProject
Project("{FAE04EC0-301F-11D3-BF4B-00C04F79EFBC}") = "PointOfSale.Persistence", "PointOfSale.Persistence\PointOfSale.Persistence.csproj", "{0C3A11FC-3AA9-49C0-9E66-7864F5E67846}"
EndProject
Global
	GlobalSection(SolutionConfigurationPlatforms) = preSolution
		Debug|Any CPU = Debug|Any CPU
		Release|Any CPU = Release|Any CPU
	EndGlobalSection
	GlobalSection(ProjectConfigurationPlatforms) = postSolution
		{9E2BF0B7-D629-40C6-B8F5-AD2550BC4CB2}.Debug|Any CPU.ActiveCfg = Debug|Any CPU
		{9E2BF0B7-D629-40C6-B8F5-AD2550BC4CB2}.Debug|Any CPU.Build.0 = Debug|Any CPU
		{9E2BF0B7-D629-40C6-B8F5-AD2550BC4CB2}.Release|Any CPU.ActiveCfg = Release|Any CPU
		{9E2BF0B7-D629-40C6-B8F5-AD2550BC4CB2}.Release|Any CPU.Build.0 = Release|Any CPU
		{A5647E08-F3AD-4BF7-8352-A20907D3A28F}.Debug|Any CPU.ActiveCfg = Debug|Any CPU
		{A5647E08-F3AD-4BF7-8352-A20907D3A28F}.Debug|Any CPU.Build.0 = Debug|Any CPU
		{A5647E08-F3AD-4BF7-8352-A20907D3A28F}.Release|Any CPU.ActiveCfg = Release|Any CPU
		{A5647E08-F3AD-4BF7-8352-A20907D3A28F}.Release|Any CPU.Build.0 = Release|Any CPU
		{36D537E7-FC53-4DDC-8CFD-E37DB7747BAE}.Debug|Any CPU.ActiveCfg = Debug|Any CPU
		{36D537E7-FC53-4DDC-8CFD-E37DB7747BAE}.Debug|Any CPU.Build.0 = Debug|Any CPU
		{36D537E7-FC53-4DDC-8CFD-E37DB7747BAE}.Release|Any CPU.ActiveCfg = Release|Any CPU
		{36D537E7-FC53-4DDC-8CFD-E37DB7747BAE}.Release|Any CPU.Build.0 = Release|Any CPU
		{43064466-0713-4B03-A739-7B3E963906DE}.Debug|Any CPU.ActiveCfg = Debug|Any CPU
		{43064466-0713-4B03-A739-7B3E963906DE}.Debug|Any CPU.Build.0 = Debug|Any CPU
		{43064466-0713-4B03-A739-7B3E963906DE}.Release|Any CPU.ActiveCfg = Release|Any CPU
		{43064466-0713-4B03-A739-7B3E963906DE}.Release|Any CPU.Build.0 = Release|Any CPU
		{0C3A11FC-3AA9-49C0-9E66-7864F5E67846}.Debug|Any CPU.ActiveCfg = Debug|Any CPU
		{0C3A11FC-3AA9-49C0-9E66-7864F5E67846}.Debug|Any CPU.Build.0 = Debug|Any CPU
		{0C3A11FC-3AA9-49C0-9E66-7864F5E67846}.Release|Any CPU.ActiveCfg = Release|Any CPU
		{0C3A11FC-3AA9-49C0-9E66-7864F5E67846}.Release|Any CPU.Build.0 = Release|Any CPU
	EndGlobalSection
	GlobalSection(SolutionProperties) = preSolution
		HideSolutionNode = FALSE
	EndGlobalSection
	GlobalSection(ExtensibilityGlobals) = postSolution
		SolutionGuid = {080CA359-0B7C-4895-B55B-9535C0E80AD3}
	EndGlobalSection
EndGlobal
